
Microsoft Visual Studio Solution File, Format Version 12.00
# Visual Studio Version 17
VisualStudioVersion = 17.14.36414.22 d17.14
MinimumVisualStudioVersion = 10.0.40219.1
Project("{FAE04EC0-301F-11D3-BF4B-00C04F79EFBC}") = "ex11", "ex11\ex11.csproj", "{40C12130-D0AA-4BC4-9EF9-AC2F902563E8}"
EndProject
Global
	GlobalSection(SolutionConfigurationPlatforms) = preSolution
		Debug|Any CPU = Debug|Any CPU
		Release|Any CPU = Release|Any CPU
	EndGlobalSection
	GlobalSection(ProjectConfigurationPlatforms) = postSolution
		{40C12130-D0AA-4BC4-9EF9-AC2F902563E8}.Debug|Any CPU.ActiveCfg = Debug|Any CPU
		{40C12130-D0AA-4BC4-9EF9-AC2F902563E8}.Debug|Any CPU.Build.0 = Debug|Any CPU
		{40C12130-D0AA-4BC4-9EF9-AC2F902563E8}.Release|Any CPU.ActiveCfg = Release|Any CPU
		{40C12130-D0AA-4BC4-9EF9-AC2F902563E8}.Release|Any CPU.Build.0 = Release|Any CPU
	EndGlobalSection
	GlobalSection(SolutionProperties) = preSolution
		HideSolutionNode = FALSE
	EndGlobalSection
	GlobalSection(ExtensibilityGlobals) = postSolution
		SolutionGuid = {C653D4A1-D56A-4F66-9019-9EC0201F5430}
	EndGlobalSection
EndGlobal
